
Microsoft Visual Studio Solution File, Format Version 12.00
# Visual Studio 2012
Project("{FAE04EC0-301F-11D3-BF4B-00C04F79EFBC}") = "RoslynInPython", "RoslynInPython\RoslynInPython.csproj", "{23073B5F-0C0E-4727-A4C1-8685E75AFA59}"
EndProject
Global
	GlobalSection(SolutionConfigurationPlatforms) = preSolution
		Debug|Any CPU = Debug|Any CPU
		Release|Any CPU = Release|Any CPU
	EndGlobalSection
	GlobalSection(ProjectConfigurationPlatforms) = postSolution
		{23073B5F-0C0E-4727-A4C1-8685E75AFA59}.Debug|Any CPU.ActiveCfg = Debug|Any CPU
		{23073B5F-0C0E-4727-A4C1-8685E75AFA59}.Debug|Any CPU.Build.0 = Debug|Any CPU
		{23073B5F-0C0E-4727-A4C1-8685E75AFA59}.Release|Any CPU.ActiveCfg = Release|Any CPU
		{23073B5F-0C0E-4727-A4C1-8685E75AFA59}.Release|Any CPU.Build.0 = Release|Any CPU
	EndGlobalSection
	GlobalSection(SolutionProperties) = preSolution
		HideSolutionNode = FALSE
	EndGlobalSection
EndGlobal
